{
  "name": "DatingApp",
  "lockfileVersion": 3,
  "requires": true,
  "packages": {
    "": {
      "dependencies": {
        "@angular/platform-browser": "^15.1.5",
        "@kolkov/ngx-gallery": "^2.0.1"
      }
    },
    "node_modules/@angular/platform-browser": {
      "version": "15.1.5",
      "resolved": "https://registry.npmjs.org/@angular/platform-browser/-/platform-browser-15.1.5.tgz",
      "integrity": "sha512-epeESrWEt41W6i2NqIbGKNE0Oa1JfeDtKfMXtcjUNCgT76qS3zmC0G6irO8BOVbrwpA/YI4yYx1B9vTDUXYbEg==",
      "dependencies": {
        "tslib": "^2.3.0"
      },
      "engines": {
        "node": "^14.20.0 || ^16.13.0 || >=18.10.0"
      },
      "peerDependencies": {
        "@angular/animations": "15.1.5",
        "@angular/common": "15.1.5",
        "@angular/core": "15.1.5"
      },
      "peerDependenciesMeta": {
        "@angular/animations": {
          "optional": true
        }
      }
    },
    "node_modules/@kolkov/ngx-gallery": {
      "version": "2.0.1",
      "resolved": "https://registry.npmjs.org/@kolkov/ngx-gallery/-/ngx-gallery-2.0.1.tgz",
      "integrity": "sha512-mTigRy9Ha7bqCF/+GNKeW2Oe8ZILuM5GGMw+ZbvTQWq3X5hngeFFgv8GFG49Py3biX67kb0NhqCP+msLe4wbXQ==",
      "dependencies": {
        "tslib": "^2.3.0"
      },
      "peerDependencies": {
        "@angular/animations": ">=13.0.0 <14",
        "@angular/common": ">=13.0.0 <14",
        "@angular/core": ">=13.0.0 <14"
      }
    },
    "node_modules/tslib": {
      "version": "2.5.0",
      "resolved": "https://registry.npmjs.org/tslib/-/tslib-2.5.0.tgz",
      "integrity": "sha512-336iVw3rtn2BUK7ORdIAHTyxHGRIHVReokCR3XjbckJMK7ms8FysBfhLR8IXnAgy7T0PTPNBWKiH514FOW/WSg=="
    }
  }
}
